
Microsoft Visual Studio Solution File, Format Version 12.00
# Visual Studio Version 17
VisualStudioVersion = 17.0.31903.59
MinimumVisualStudioVersion = 10.0.40219.1
Project("{2150E333-8FDC-42A3-9474-1A3956D46DE8}") = "src", "src", "{275905AD-2EA0-4B8E-A4E5-B567D01D7E79}"
EndProject
Project("{FAE04EC0-301F-11D3-BF4B-00C04F79EFBC}") = "AuctionService", "src\AuctionService\AuctionService.csproj", "{5B84575A-189B-461D-A2F1-0E66911E676C}"
EndProject
Project("{FAE04EC0-301F-11D3-BF4B-00C04F79EFBC}") = "SearchService", "src\SearchService\SearchService.csproj", "{FFC2A7CD-0633-4B5D-89EF-2B4C8DCFCD06}"
EndProject
Project("{FAE04EC0-301F-11D3-BF4B-00C04F79EFBC}") = "Contracts", "src\Contracts\Contracts.csproj", "{195F5197-59EF-4081-9600-8300EF57C164}"
EndProject
Project("{FAE04EC0-301F-11D3-BF4B-00C04F79EFBC}") = "IdentityService", "src\IdentityService\IdentityService.csproj", "{995352DE-C2EA-4168-A61C-6298214D18F6}"
EndProject
Global
	GlobalSection(SolutionConfigurationPlatforms) = preSolution
		Debug|Any CPU = Debug|Any CPU
		Release|Any CPU = Release|Any CPU
	EndGlobalSection
	GlobalSection(SolutionProperties) = preSolution
		HideSolutionNode = FALSE
	EndGlobalSection
	GlobalSection(ProjectConfigurationPlatforms) = postSolution
		{5B84575A-189B-461D-A2F1-0E66911E676C}.Debug|Any CPU.ActiveCfg = Debug|Any CPU
		{5B84575A-189B-461D-A2F1-0E66911E676C}.Debug|Any CPU.Build.0 = Debug|Any CPU
		{5B84575A-189B-461D-A2F1-0E66911E676C}.Release|Any CPU.ActiveCfg = Release|Any CPU
		{5B84575A-189B-461D-A2F1-0E66911E676C}.Release|Any CPU.Build.0 = Release|Any CPU
		{FFC2A7CD-0633-4B5D-89EF-2B4C8DCFCD06}.Debug|Any CPU.ActiveCfg = Debug|Any CPU
		{FFC2A7CD-0633-4B5D-89EF-2B4C8DCFCD06}.Debug|Any CPU.Build.0 = Debug|Any CPU
		{FFC2A7CD-0633-4B5D-89EF-2B4C8DCFCD06}.Release|Any CPU.ActiveCfg = Release|Any CPU
		{FFC2A7CD-0633-4B5D-89EF-2B4C8DCFCD06}.Release|Any CPU.Build.0 = Release|Any CPU
		{195F5197-59EF-4081-9600-8300EF57C164}.Debug|Any CPU.ActiveCfg = Debug|Any CPU
		{195F5197-59EF-4081-9600-8300EF57C164}.Debug|Any CPU.Build.0 = Debug|Any CPU
		{195F5197-59EF-4081-9600-8300EF57C164}.Release|Any CPU.ActiveCfg = Release|Any CPU
		{195F5197-59EF-4081-9600-8300EF57C164}.Release|Any CPU.Build.0 = Release|Any CPU
		{995352DE-C2EA-4168-A61C-6298214D18F6}.Debug|Any CPU.ActiveCfg = Debug|Any CPU
		{995352DE-C2EA-4168-A61C-6298214D18F6}.Debug|Any CPU.Build.0 = Debug|Any CPU
		{995352DE-C2EA-4168-A61C-6298214D18F6}.Release|Any CPU.ActiveCfg = Release|Any CPU
		{995352DE-C2EA-4168-A61C-6298214D18F6}.Release|Any CPU.Build.0 = Release|Any CPU
	EndGlobalSection
	GlobalSection(NestedProjects) = preSolution
		{5B84575A-189B-461D-A2F1-0E66911E676C} = {275905AD-2EA0-4B8E-A4E5-B567D01D7E79}
		{FFC2A7CD-0633-4B5D-89EF-2B4C8DCFCD06} = {275905AD-2EA0-4B8E-A4E5-B567D01D7E79}
		{195F5197-59EF-4081-9600-8300EF57C164} = {275905AD-2EA0-4B8E-A4E5-B567D01D7E79}
		{995352DE-C2EA-4168-A61C-6298214D18F6} = {275905AD-2EA0-4B8E-A4E5-B567D01D7E79}
	EndGlobalSection
EndGlobal
